
Microsoft Visual Studio Solution File, Format Version 12.00
# Visual Studio Version 17
VisualStudioVersion = 17.5.33627.172
MinimumVisualStudioVersion = 10.0.40219.1
Project("{9A19103F-16F7-4668-BE54-9A1E7A4F7556}") = "RazorWebAppClient", "RazorWebAppClient\RazorWebAppClient.csproj", "{9A013FC3-4506-4F93-9607-80D14C889BEC}"
EndProject
Global
	GlobalSection(SolutionConfigurationPlatforms) = preSolution
		Debug|Any CPU = Debug|Any CPU
		Release|Any CPU = Release|Any CPU
	EndGlobalSection
	GlobalSection(ProjectConfigurationPlatforms) = postSolution
		{9A013FC3-4506-4F93-9607-80D14C889BEC}.Debug|Any CPU.ActiveCfg = Debug|Any CPU
		{9A013FC3-4506-4F93-9607-80D14C889BEC}.Debug|Any CPU.Build.0 = Debug|Any CPU
		{9A013FC3-4506-4F93-9607-80D14C889BEC}.Release|Any CPU.ActiveCfg = Release|Any CPU
		{9A013FC3-4506-4F93-9607-80D14C889BEC}.Release|Any CPU.Build.0 = Release|Any CPU
	EndGlobalSection
	GlobalSection(SolutionProperties) = preSolution
		HideSolutionNode = FALSE
	EndGlobalSection
	GlobalSection(ExtensibilityGlobals) = postSolution
		SolutionGuid = {FD03F792-0B48-4468-BF35-C7028C124982}
	EndGlobalSection
EndGlobal
