
Microsoft Visual Studio Solution File, Format Version 12.00
# Visual Studio Version 17
VisualStudioVersion = 17.9.34728.123
MinimumVisualStudioVersion = 10.0.40219.1
Project("{FAE04EC0-301F-11D3-BF4B-00C04F79EFBC}") = "Slide9", "Slide9.csproj", "{61702B55-46FF-41E0-9627-9CF528E73FA1}"
EndProject
Global
	GlobalSection(SolutionConfigurationPlatforms) = preSolution
		Debug|Any CPU = Debug|Any CPU
		Release|Any CPU = Release|Any CPU
	EndGlobalSection
	GlobalSection(ProjectConfigurationPlatforms) = postSolution
		{61702B55-46FF-41E0-9627-9CF528E73FA1}.Debug|Any CPU.ActiveCfg = Debug|Any CPU
		{61702B55-46FF-41E0-9627-9CF528E73FA1}.Debug|Any CPU.Build.0 = Debug|Any CPU
		{61702B55-46FF-41E0-9627-9CF528E73FA1}.Release|Any CPU.ActiveCfg = Release|Any CPU
		{61702B55-46FF-41E0-9627-9CF528E73FA1}.Release|Any CPU.Build.0 = Release|Any CPU
	EndGlobalSection
	GlobalSection(SolutionProperties) = preSolution
		HideSolutionNode = FALSE
	EndGlobalSection
	GlobalSection(ExtensibilityGlobals) = postSolution
		SolutionGuid = {345ED67F-F9B8-486D-8FDD-A43D3346C7D8}
	EndGlobalSection
EndGlobal
