
Microsoft Visual Studio Solution File, Format Version 12.00
# Visual Studio Version 17
VisualStudioVersion = 17.5.33627.172
MinimumVisualStudioVersion = 10.0.40219.1
Project("{FAE04EC0-301F-11D3-BF4B-00C04F79EFBC}") = "Slide5", "Slide5\Slide5.csproj", "{55DA0261-B122-4D97-91A7-DF7E7BAA4058}"
EndProject
Global
	GlobalSection(SolutionConfigurationPlatforms) = preSolution
		Debug|Any CPU = Debug|Any CPU
		Release|Any CPU = Release|Any CPU
	EndGlobalSection
	GlobalSection(ProjectConfigurationPlatforms) = postSolution
		{55DA0261-B122-4D97-91A7-DF7E7BAA4058}.Debug|Any CPU.ActiveCfg = Debug|Any CPU
		{55DA0261-B122-4D97-91A7-DF7E7BAA4058}.Debug|Any CPU.Build.0 = Debug|Any CPU
		{55DA0261-B122-4D97-91A7-DF7E7BAA4058}.Release|Any CPU.ActiveCfg = Release|Any CPU
		{55DA0261-B122-4D97-91A7-DF7E7BAA4058}.Release|Any CPU.Build.0 = Release|Any CPU
	EndGlobalSection
	GlobalSection(SolutionProperties) = preSolution
		HideSolutionNode = FALSE
	EndGlobalSection
	GlobalSection(ExtensibilityGlobals) = postSolution
		SolutionGuid = {63BB30F2-5B4F-4BC2-90FA-99BE498380A9}
	EndGlobalSection
EndGlobal
