
Microsoft Visual Studio Solution File, Format Version 12.00
# Visual Studio Version 17
VisualStudioVersion = 17.5.33627.172
MinimumVisualStudioVersion = 10.0.40219.1
Project("{FAE04EC0-301F-11D3-BF4B-00C04F79EFBC}") = "MVCTagHelper", "MVCTagHelper\MVCTagHelper.csproj", "{BE1D908D-6BB9-4EBE-8754-47EC892673AE}"
EndProject
Global
	GlobalSection(SolutionConfigurationPlatforms) = preSolution
		Debug|Any CPU = Debug|Any CPU
		Release|Any CPU = Release|Any CPU
	EndGlobalSection
	GlobalSection(ProjectConfigurationPlatforms) = postSolution
		{BE1D908D-6BB9-4EBE-8754-47EC892673AE}.Debug|Any CPU.ActiveCfg = Debug|Any CPU
		{BE1D908D-6BB9-4EBE-8754-47EC892673AE}.Debug|Any CPU.Build.0 = Debug|Any CPU
		{BE1D908D-6BB9-4EBE-8754-47EC892673AE}.Release|Any CPU.ActiveCfg = Release|Any CPU
		{BE1D908D-6BB9-4EBE-8754-47EC892673AE}.Release|Any CPU.Build.0 = Release|Any CPU
	EndGlobalSection
	GlobalSection(SolutionProperties) = preSolution
		HideSolutionNode = FALSE
	EndGlobalSection
	GlobalSection(ExtensibilityGlobals) = postSolution
		SolutionGuid = {61ACC743-6A9F-48F7-A3BA-917419992158}
	EndGlobalSection
EndGlobal
