
Microsoft Visual Studio Solution File, Format Version 12.00
# Visual Studio Version 17
VisualStudioVersion = 17.5.33627.172
MinimumVisualStudioVersion = 10.0.40219.1
Project("{9A19103F-16F7-4668-BE54-9A1E7A4F7556}") = "ShopApplication", "ShopApplication\ShopApplication.csproj", "{065EB897-4E6B-42E2-B7B6-F6EF2D0D363F}"
EndProject
Global
	GlobalSection(SolutionConfigurationPlatforms) = preSolution
		Debug|Any CPU = Debug|Any CPU
		Release|Any CPU = Release|Any CPU
	EndGlobalSection
	GlobalSection(ProjectConfigurationPlatforms) = postSolution
		{065EB897-4E6B-42E2-B7B6-F6EF2D0D363F}.Debug|Any CPU.ActiveCfg = Debug|Any CPU
		{065EB897-4E6B-42E2-B7B6-F6EF2D0D363F}.Debug|Any CPU.Build.0 = Debug|Any CPU
		{065EB897-4E6B-42E2-B7B6-F6EF2D0D363F}.Release|Any CPU.ActiveCfg = Release|Any CPU
		{065EB897-4E6B-42E2-B7B6-F6EF2D0D363F}.Release|Any CPU.Build.0 = Release|Any CPU
	EndGlobalSection
	GlobalSection(SolutionProperties) = preSolution
		HideSolutionNode = FALSE
	EndGlobalSection
	GlobalSection(ExtensibilityGlobals) = postSolution
		SolutionGuid = {EE04BBF7-47B0-462E-88C8-A13EA73A5378}
	EndGlobalSection
EndGlobal
