
Microsoft Visual Studio Solution File, Format Version 12.00
# Visual Studio Version 17
VisualStudioVersion = 17.7.34031.279
MinimumVisualStudioVersion = 10.0.40219.1
Project("{FAE04EC0-301F-11D3-BF4B-00C04F79EFBC}") = "MvcGroentenEnFruit2023", "MvcGroentenEnFruit2023\MvcGroentenEnFruit2023.csproj", "{AE15BD66-0026-4DBF-912B-B6FBC5EF7326}"
EndProject
Global
	GlobalSection(SolutionConfigurationPlatforms) = preSolution
		Debug|Any CPU = Debug|Any CPU
		Release|Any CPU = Release|Any CPU
	EndGlobalSection
	GlobalSection(ProjectConfigurationPlatforms) = postSolution
		{AE15BD66-0026-4DBF-912B-B6FBC5EF7326}.Debug|Any CPU.ActiveCfg = Debug|Any CPU
		{AE15BD66-0026-4DBF-912B-B6FBC5EF7326}.Debug|Any CPU.Build.0 = Debug|Any CPU
		{AE15BD66-0026-4DBF-912B-B6FBC5EF7326}.Release|Any CPU.ActiveCfg = Release|Any CPU
		{AE15BD66-0026-4DBF-912B-B6FBC5EF7326}.Release|Any CPU.Build.0 = Release|Any CPU
	EndGlobalSection
	GlobalSection(SolutionProperties) = preSolution
		HideSolutionNode = FALSE
	EndGlobalSection
	GlobalSection(ExtensibilityGlobals) = postSolution
		SolutionGuid = {2A51ED35-8FC2-475D-8F15-5E3CA2CA3539}
	EndGlobalSection
EndGlobal
